<?xml version="1.0" encoding="utf-8"?>
<Project ToolsVersion="4.0" xmlns="http://schemas.microsoft.com/developer/msbuild/2003">
  <ItemGroup>
    <Filter Include="win32">
      <UniqueIdentifier>{84a8ebd7-7cf0-47f6-b75e-d441df67da40}</UniqueIdentifier>
    </Filter>
    <Filter Include="Classes">
      <UniqueIdentifier>{bb6c862e-70e9-49d9-81b7-3829a6f50471}</UniqueIdentifier>
    </Filter>
    <Filter Include="Classes\core">
      <UniqueIdentifier>{cd55b32b-64ec-4142-ae32-63a8f1a4e589}</UniqueIdentifier>
    </Filter>
    <Filter Include="Classes\scene">
      <UniqueIdentifier>{945d1a8d-a74f-4b1f-b5f7-157561ed8a45}</UniqueIdentifier>
    </Filter>
    <Filter Include="Classes\control">
      <UniqueIdentifier>{f855df55-f1b6-4f0b-925c-6ee0478390d9}</UniqueIdentifier>
    </Filter>
    <Filter Include="Classes\scene\StudioLogoScene">
      <UniqueIdentifier>{b674ef47-551f-42d3-a055-d996e43bfdec}</UniqueIdentifier>
    </Filter>
    <Filter Include="Classes\core\config">
      <UniqueIdentifier>{f7c3955a-4f7a-4ba6-ab81-9c2ed727a06c}</UniqueIdentifier>
    </Filter>
    <Filter Include="Classes\core\config\tinyxml">
      <UniqueIdentifier>{623f3308-4729-46c4-9324-d0d373660935}</UniqueIdentifier>
    </Filter>
  </ItemGroup>
  <ItemGroup>
    <ClCompile Include="main.cpp">
      <Filter>win32</Filter>
    </ClCompile>
    <ClCompile Include="..\Classes\AppDelegate.cpp">
      <Filter>Classes\core</Filter>
    </ClCompile>
    <ClCompile Include="..\Classes\GameView.cpp">
      <Filter>Classes\scene</Filter>
    </ClCompile>
    <ClCompile Include="..\Classes\tinyxmlparser.cpp">
      <Filter>Classes\core\config\tinyxml</Filter>
    </ClCompile>
    <ClCompile Include="..\Classes\tinystr.cpp">
      <Filter>Classes\core\config\tinyxml</Filter>
    </ClCompile>
    <ClCompile Include="..\Classes\tinyxml.cpp">
      <Filter>Classes\core\config\tinyxml</Filter>
    </ClCompile>
    <ClCompile Include="..\Classes\tinyxmlerror.cpp">
      <Filter>Classes\core\config\tinyxml</Filter>
    </ClCompile>
    <ClCompile Include="..\Classes\TestTileScene.cpp">
      <Filter>Classes\scene</Filter>
    </ClCompile>
  </ItemGroup>
  <ItemGroup>
    <ClInclude Include="main.h">
      <Filter>win32</Filter>
    </ClInclude>
    <ClInclude Include="..\Classes\MouseMoveEventExtend.h">
      <Filter>Classes\core</Filter>
    </ClInclude>
    <ClInclude Include="..\Classes\Common.h">
      <Filter>Classes\core</Filter>
    </ClInclude>
    <ClInclude Include="..\Classes\AppDelegate.h">
      <Filter>Classes\core</Filter>
    </ClInclude>
    <ClInclude Include="..\Classes\CodePage.hpp">
      <Filter>Classes\core</Filter>
    </ClInclude>
    <ClInclude Include="..\Classes\GameView.h">
      <Filter>Classes\scene</Filter>
    </ClInclude>
    <ClInclude Include="..\Classes\GameScene.h">
      <Filter>Classes\scene</Filter>
    </ClInclude>
    <ClInclude Include="..\Classes\GamePath.h">
      <Filter>Classes\core</Filter>
    </ClInclude>
    <ClInclude Include="..\Classes\tinystr.h">
      <Filter>Classes\core\config\tinyxml</Filter>
    </ClInclude>
    <ClInclude Include="..\Classes\tinyxml.h">
      <Filter>Classes\core\config\tinyxml</Filter>
    </ClInclude>
    <ClInclude Include="..\Classes\Singleton.h">
      <Filter>Classes\core</Filter>
    </ClInclude>
    <ClInclude Include="..\Classes\ConfigObject.h">
      <Filter>Classes\core\config</Filter>
    </ClInclude>
    <ClInclude Include="..\Classes\GameType.h">
      <Filter>Classes\core</Filter>
    </ClInclude>
    <ClInclude Include="..\Classes\TestTileScene.h">
      <Filter>Classes\scene</Filter>
    </ClInclude>
  </ItemGroup>
</Project>